
Microsoft Visual Studio Solution File, Format Version 12.00
Project("{FAE04EC0-301F-11D3-BF4B-00C04F79EFBC}") = "language-features-c-sharp", "language-features-c-sharp\language-features-c-sharp.csproj", "{BC1552C6-9554-4051-90E1-9D9A27347304}"
EndProject
Project("{2150E333-8FDC-42A3-9474-1A3956D46DE8}") = "Solution Items", "Solution Items", "{6236EC62-C0B6-4DDC-9117-CA8926743883}"
	ProjectSection(SolutionItems) = preProject
		compose.yaml = compose.yaml
	EndProjectSection
EndProject
Global
	GlobalSection(SolutionConfigurationPlatforms) = preSolution
		Debug|Any CPU = Debug|Any CPU
		Release|Any CPU = Release|Any CPU
	EndGlobalSection
	GlobalSection(ProjectConfigurationPlatforms) = postSolution
		{BC1552C6-9554-4051-90E1-9D9A27347304}.Debug|Any CPU.ActiveCfg = Debug|Any CPU
		{BC1552C6-9554-4051-90E1-9D9A27347304}.Debug|Any CPU.Build.0 = Debug|Any CPU
		{BC1552C6-9554-4051-90E1-9D9A27347304}.Release|Any CPU.ActiveCfg = Release|Any CPU
		{BC1552C6-9554-4051-90E1-9D9A27347304}.Release|Any CPU.Build.0 = Release|Any CPU
	EndGlobalSection
EndGlobal
